GIT
  remote: https://github.com/c00w/puppet-deploy.git
  ref: master
  sha: 6b3ba798a0beb35189cdebe88c9af1f50cb9086c
  specs:
    deploy (0.0.1)

GIT
  remote: https://github.com/c00w/puppet-nginx.git
  ref: master
  sha: 7281637dceb64499f20784e9f834cf2731099879
  specs:
    nginx (0.0.1)

GIT
  remote: https://github.com/c00w/puppet-observatory.git
  ref: master
  sha: 856b0bc01c23231c678bc0e5dd8729b954618ce2
  specs:
    observatory (0.0.1)

GIT
  remote: https://github.com/c00w/puppet-ssh.git
  ref: master
  sha: 2c499f51e73bde5d1846cbd5d3d1b3a70a46e75a
  specs:
    ssh (0.0.1)

GIT
  remote: https://github.com/c00w/puppet-uwsgi.git
  ref: master
  sha: 81d015738e41cbdd56ffd45068766b6938c8876b
  specs:
    uwsgi (0.0.1)

GIT
  remote: https://github.com/camptocamp/puppet-apt.git
  ref: master
  sha: e39fa58e386db1ef8432c48a2deb6edbca2babfc
  specs:
    apt (0.0.2)

GIT
  remote: https://github.com/puppetlabs/puppetlabs-vcsrepo.git
  ref: master
  sha: 7e87ef1cf732641fa6390bf2c9011e4277b01aea
  specs:
    vcsrepo (0.1.2)

GIT
  remote: https://github.com/torrancew/puppet-cron.git
  ref: master
  sha: ec491c76763abe754ae75b0e6ed4b591db0771dc
  specs:
    cron (0.0.3)

DEPENDENCIES
  apt (>= 0)
  cron (>= 0)
  deploy (>= 0)
  nginx (>= 0)
  observatory (>= 0)
  ssh (>= 0)
  uwsgi (>= 0)
  vcsrepo (>= 0)

