FORGE
  remote: http://forge.puppetlabs.com
  specs:
    puppetlabs/stdlib (4.1.0)

GIT
  remote: https://github.com/c00w/puppet-deploy.git
  ref: master
  sha: 08081819ad5e9765a4c39188148f5fa23d194bf3
  specs:
    deploy (0.0.1)

GIT
  remote: https://github.com/c00w/puppet-nginx.git
  ref: master
  sha: 7281637dceb64499f20784e9f834cf2731099879
  specs:
    nginx (0.0.1)

GIT
  remote: https://github.com/c00w/puppet-observatory.git
  ref: master
  sha: f10f35ba738eb6f58cef256ec229961b1b1c1fb8
  specs:
    observatory (0.0.1)

GIT
  remote: https://github.com/c00w/puppet-ssh.git
  ref: master
  sha: 2c499f51e73bde5d1846cbd5d3d1b3a70a46e75a
  specs:
    ssh (0.0.1)

GIT
  remote: https://github.com/c00w/puppet-uwsgi.git
  ref: master
  sha: 81d015738e41cbdd56ffd45068766b6938c8876b
  specs:
    uwsgi (0.0.1)

GIT
  remote: https://github.com/c00w/puppetlabs-ntp.git
  ref: master
  sha: 30dc28311eb19c2036ec3c9adf878355718fcf23
  specs:
    ntp (0.3.0)
      puppetlabs/stdlib (>= 0.1.6)

GIT
  remote: https://github.com/camptocamp/puppet-apt.git
  ref: master
  sha: f5f110ca358309dea01c403b9e2ee6c8e97104ba
  specs:
    apt (0.0.2)

GIT
  remote: https://github.com/puppetlabs/puppetlabs-vcsrepo.git
  ref: master
  sha: 0eeb6501b1b2ea84c38b0d4464ac42c12c4e9fa7
  specs:
    vcsrepo (0.1.2)

GIT
  remote: https://github.com/torrancew/puppet-cron.git
  ref: master
  sha: ca2c3832c9d3d709a0f416e716c77634cb774955
  specs:
    cron (0.1.0)

DEPENDENCIES
  apt (>= 0)
  cron (>= 0)
  deploy (>= 0)
  nginx (>= 0)
  ntp (>= 0)
  observatory (>= 0)
  ssh (>= 0)
  uwsgi (>= 0)
  vcsrepo (>= 0)

