GIT
  remote: git@github.com:c00w/puppet-nginx.git
  ref: master
  sha: 7281637dceb64499f20784e9f834cf2731099879
  specs:
    nginx (0.0.1)

GIT
  remote: git@github.com:c00w/puppet-observatory.git
  ref: master
  sha: feedba6a5e472079c59f3c8713f373386e1a7868
  specs:
    observatory (0.0.1)

GIT
  remote: git@github.com:c00w/puppet-uwsgi.git
  ref: master
  sha: 46df2134036278dc3657f5a0b530f5427118462e
  specs:
    uwsgi (0.0.1)

GIT
  remote: git@github.com:camptocamp/puppet-apt.git
  ref: master
  sha: e39fa58e386db1ef8432c48a2deb6edbca2babfc
  specs:
    apt (0.0.2)

GIT
  remote: git@github.com:torrancew/puppet-cron.git
  ref: master
  sha: ec491c76763abe754ae75b0e6ed4b591db0771dc
  specs:
    cron (0.0.3)

DEPENDENCIES
  apt (>= 0)
  cron (>= 0)
  nginx (>= 0)
  observatory (>= 0)
  uwsgi (>= 0)

